# THIS IS AN AUTOGENERATED FILE. DO NOT EDIT THIS FILE DIRECTLY.
# yarn lockfile v1


"@tsmean/resource@^1.0.1":
  version "1.0.1"
  resolved "https://registry.yarnpkg.com/@tsmean/resource/-/resource-1.0.1.tgz#afb40c168cb3b6a5f25cec191248260b26d4cf07"

notify-angular@^1.1.2:
  version "1.1.2"
  resolved "https://registry.yarnpkg.com/notify-angular/-/notify-angular-1.1.2.tgz#2bc21ecf2fe6a4997b5467741467ff5010094a54"
